
Microsoft Visual Studio Solution File, Format Version 12.00
# Visual Studio Express 2013 for Web
VisualStudioVersion = 12.0.30110.0
MinimumVisualStudioVersion = 10.0.40219.1
Project("{FAE04EC0-301F-11D3-BF4B-00C04F79EFBC}") = "TaskConsoleApp", "TaskConsoleApp\TaskConsoleApp.csproj", "{30129048-89A0-488F-A52E-CAF7F2CF03F6}"
EndProject
Project("{FAE04EC0-301F-11D3-BF4B-00C04F79EFBC}") = "TaskManagement", "TaskManagement\TaskManagement.csproj", "{16B3EFB2-DA7C-4410-B3E9-8B61629DF2C8}"
EndProject
Global
	GlobalSection(SolutionConfigurationPlatforms) = preSolution
		Debug|Any CPU = Debug|Any CPU
		Release|Any CPU = Release|Any CPU
	EndGlobalSection
	GlobalSection(ProjectConfigurationPlatforms) = postSolution
		{30129048-89A0-488F-A52E-CAF7F2CF03F6}.Debug|Any CPU.ActiveCfg = Debug|Any CPU
		{30129048-89A0-488F-A52E-CAF7F2CF03F6}.Debug|Any CPU.Build.0 = Debug|Any CPU
		{30129048-89A0-488F-A52E-CAF7F2CF03F6}.Release|Any CPU.ActiveCfg = Release|Any CPU
		{30129048-89A0-488F-A52E-CAF7F2CF03F6}.Release|Any CPU.Build.0 = Release|Any CPU
		{16B3EFB2-DA7C-4410-B3E9-8B61629DF2C8}.Debug|Any CPU.ActiveCfg = Debug|Any CPU
		{16B3EFB2-DA7C-4410-B3E9-8B61629DF2C8}.Debug|Any CPU.Build.0 = Debug|Any CPU
		{16B3EFB2-DA7C-4410-B3E9-8B61629DF2C8}.Release|Any CPU.ActiveCfg = Release|Any CPU
		{16B3EFB2-DA7C-4410-B3E9-8B61629DF2C8}.Release|Any CPU.Build.0 = Release|Any CPU
	EndGlobalSection
	GlobalSection(SolutionProperties) = preSolution
		HideSolutionNode = FALSE
	EndGlobalSection
EndGlobal
